
Microsoft Visual Studio Solution File, Format Version 12.00
# Visual Studio 14
VisualStudioVersion = 14.0.23107.0
MinimumVisualStudioVersion = 10.0.40219.1
Project("{FAE04EC0-301F-11D3-BF4B-00C04F79EFBC}") = "01.Odd Lines", "01.Odd Lines\01.Odd Lines.csproj", "{DD1805AF-3C8E-4712-97EA-98F29C74C223}"
EndProject
Project("{FAE04EC0-301F-11D3-BF4B-00C04F79EFBC}") = "02.Line Numbers", "02.Line Numbers\02.Line Numbers.csproj", "{DCEDC6F1-0F01-4971-9387-717032530031}"
EndProject
Project("{FAE04EC0-301F-11D3-BF4B-00C04F79EFBC}") = "03.Word Count", "03.Word Count\03.Word Count.csproj", "{45DDAF42-70AE-4313-802E-1F5861667234}"
EndProject
Project("{FAE04EC0-301F-11D3-BF4B-00C04F79EFBC}") = "04.Copy Binary File", "04.Copy Binary File\04.Copy Binary File.csproj", "{6C913DCF-1F02-4268-AABC-6E3AA10F682F}"
EndProject
Project("{FAE04EC0-301F-11D3-BF4B-00C04F79EFBC}") = "05.Slicing File", "05.Slicing File\05.Slicing File.csproj", "{558BA8AC-64E4-40BA-860C-95C0A6111FC7}"
EndProject
Global
	GlobalSection(SolutionConfigurationPlatforms) = preSolution
		Debug|Any CPU = Debug|Any CPU
		Release|Any CPU = Release|Any CPU
	EndGlobalSection
	GlobalSection(ProjectConfigurationPlatforms) = postSolution
		{DD1805AF-3C8E-4712-97EA-98F29C74C223}.Debug|Any CPU.ActiveCfg = Debug|Any CPU
		{DD1805AF-3C8E-4712-97EA-98F29C74C223}.Debug|Any CPU.Build.0 = Debug|Any CPU
		{DD1805AF-3C8E-4712-97EA-98F29C74C223}.Release|Any CPU.ActiveCfg = Release|Any CPU
		{DD1805AF-3C8E-4712-97EA-98F29C74C223}.Release|Any CPU.Build.0 = Release|Any CPU
		{DCEDC6F1-0F01-4971-9387-717032530031}.Debug|Any CPU.ActiveCfg = Debug|Any CPU
		{DCEDC6F1-0F01-4971-9387-717032530031}.Debug|Any CPU.Build.0 = Debug|Any CPU
		{DCEDC6F1-0F01-4971-9387-717032530031}.Release|Any CPU.ActiveCfg = Release|Any CPU
		{DCEDC6F1-0F01-4971-9387-717032530031}.Release|Any CPU.Build.0 = Release|Any CPU
		{45DDAF42-70AE-4313-802E-1F5861667234}.Debug|Any CPU.ActiveCfg = Debug|Any CPU
		{45DDAF42-70AE-4313-802E-1F5861667234}.Debug|Any CPU.Build.0 = Debug|Any CPU
		{45DDAF42-70AE-4313-802E-1F5861667234}.Release|Any CPU.ActiveCfg = Release|Any CPU
		{45DDAF42-70AE-4313-802E-1F5861667234}.Release|Any CPU.Build.0 = Release|Any CPU
		{6C913DCF-1F02-4268-AABC-6E3AA10F682F}.Debug|Any CPU.ActiveCfg = Debug|Any CPU
		{6C913DCF-1F02-4268-AABC-6E3AA10F682F}.Debug|Any CPU.Build.0 = Debug|Any CPU
		{6C913DCF-1F02-4268-AABC-6E3AA10F682F}.Release|Any CPU.ActiveCfg = Release|Any CPU
		{6C913DCF-1F02-4268-AABC-6E3AA10F682F}.Release|Any CPU.Build.0 = Release|Any CPU
		{558BA8AC-64E4-40BA-860C-95C0A6111FC7}.Debug|Any CPU.ActiveCfg = Debug|Any CPU
		{558BA8AC-64E4-40BA-860C-95C0A6111FC7}.Debug|Any CPU.Build.0 = Debug|Any CPU
		{558BA8AC-64E4-40BA-860C-95C0A6111FC7}.Release|Any CPU.ActiveCfg = Release|Any CPU
		{558BA8AC-64E4-40BA-860C-95C0A6111FC7}.Release|Any CPU.Build.0 = Release|Any CPU
	EndGlobalSection
	GlobalSection(SolutionProperties) = preSolution
		HideSolutionNode = FALSE
	EndGlobalSection
EndGlobal
